<?xml version="1.0" encoding="utf-8"?>
<Project ToolsVersion="4.0" xmlns="http://schemas.microsoft.com/developer/msbuild/2003">
  <ItemGroup>
    <Filter Include="Исходные файлы">
      <UniqueIdentifier>{4FC737F1-C7A5-4376-A066-2A32D752A2FF}</UniqueIdentifier>
      <Extensions>cpp;c;cc;cxx;def;odl;idl;hpj;bat;asm;asmx</Extensions>
    </Filter>
    <Filter Include="Файлы заголовков">
      <UniqueIdentifier>{93995380-89BD-4b04-88EB-625FBE52EBFB}</UniqueIdentifier>
      <Extensions>h;hh;hpp;hxx;hm;inl;inc;ipp;xsd</Extensions>
    </Filter>
    <Filter Include="Файлы ресурсов">
      <UniqueIdentifier>{67DA6AB6-F800-4c08-8B7A-83BB121AAD01}</UniqueIdentifier>
      <Extensions>rc;ico;cur;bmp;dlg;rc2;rct;bin;rgs;gif;jpg;jpeg;jpe;resx;tiff;tif;png;wav;mfcribbon-ms</Extensions>
    </Filter>
    <Filter Include="Файлы заголовков\GUI">
      <UniqueIdentifier>{2ce6fc86-6e3f-428e-bdc9-236e3ff0d68c}</UniqueIdentifier>
    </Filter>
    <Filter Include="Файлы заголовков\Textures">
      <UniqueIdentifier>{0c66e097-0f7f-46f2-b964-55021386f1a5}</UniqueIdentifier>
    </Filter>
    <Filter Include="Файлы заголовков\Engine">
      <UniqueIdentifier>{4feabdce-b750-49ba-a2f9-ac6c3758ab1b}</UniqueIdentifier>
    </Filter>
    <Filter Include="Файлы заголовков\Controler">
      <UniqueIdentifier>{f31509b3-a655-4eb5-8967-2591bfeda4e4}</UniqueIdentifier>
    </Filter>
    <Filter Include="Файлы заголовков\Coliders">
      <UniqueIdentifier>{5a2d6669-3f4e-4308-84af-5e4d5a87b663}</UniqueIdentifier>
    </Filter>
    <Filter Include="Файлы ресурсов\Entyties">
      <UniqueIdentifier>{f3f91257-c9ef-4d09-a85e-59a55f32735c}</UniqueIdentifier>
    </Filter>
    <Filter Include="Файлы заголовков\Engine\AI">
      <UniqueIdentifier>{96aadcde-8f2e-4820-9e10-18ceb7489f77}</UniqueIdentifier>
    </Filter>
  </ItemGroup>
  <ItemGroup>
    <ClInclude Include="pch.h">
      <Filter>Файлы заголовков</Filter>
    </ClInclude>
    <ClInclude Include="Game.h">
      <Filter>Файлы заголовков</Filter>
    </ClInclude>
    <ClInclude Include="GUI.h">
      <Filter>Файлы заголовков\GUI</Filter>
    </ClInclude>
    <ClInclude Include="Model.h">
      <Filter>Файлы заголовков\Engine</Filter>
    </ClInclude>
    <ClInclude Include="BaseObjects.h">
      <Filter>Файлы заголовков\Engine</Filter>
    </ClInclude>
    <ClInclude Include="Textures.h">
      <Filter>Файлы заголовков\Textures</Filter>
    </ClInclude>
    <ClInclude Include="InfoPanel.h">
      <Filter>Файлы заголовков\GUI</Filter>
    </ClInclude>
    <ClInclude Include="BarPanel.h">
      <Filter>Файлы заголовков\GUI</Filter>
    </ClInclude>
    <ClInclude Include="WorldPanel.h">
      <Filter>Файлы заголовков\GUI</Filter>
    </ClInclude>
    <ClInclude Include="WorldViewConstructor.h">
      <Filter>Файлы заголовков\Engine</Filter>
    </ClInclude>
    <ClInclude Include="MainInfoPanel.h">
      <Filter>Файлы заголовков\GUI</Filter>
    </ClInclude>
    <ClInclude Include="Controler.h">
      <Filter>Файлы заголовков\Controler</Filter>
    </ClInclude>
    <ClInclude Include="WorldControler.h">
      <Filter>Файлы заголовков\Controler</Filter>
    </ClInclude>
    <ClInclude Include="BaseControler.h">
      <Filter>Файлы заголовков</Filter>
    </ClInclude>
    <ClInclude Include="WCComandslist.h">
      <Filter>Файлы заголовков\Controler</Filter>
    </ClInclude>
    <ClInclude Include="include\panel.h">
      <Filter>Исходные файлы</Filter>
    </ClInclude>
    <ClInclude Include="include\curses.h">
      <Filter>Исходные файлы</Filter>
    </ClInclude>
    <ClInclude Include="include\json.hpp">
      <Filter>Исходные файлы</Filter>
    </ClInclude>
    <ClInclude Include="Map.h">
      <Filter>Файлы заголовков</Filter>
    </ClInclude>
    <ClInclude Include="HeroAI.h">
      <Filter>Файлы заголовков</Filter>
    </ClInclude>
    <ClInclude Include="IBaseAI.h">
      <Filter>Файлы заголовков\Engine\AI</Filter>
    </ClInclude>
    <ClInclude Include="AIList.h">
      <Filter>Файлы заголовков\Engine\AI</Filter>
    </ClInclude>
  </ItemGroup>
  <ItemGroup>
    <ClCompile Include="BarPanel.cpp">
      <Filter>Файлы ресурсов</Filter>
    </ClCompile>
    <ClCompile Include="BaseObjects.cpp">
      <Filter>Файлы ресурсов</Filter>
    </ClCompile>
    <ClCompile Include="Controler.cpp">
      <Filter>Файлы ресурсов</Filter>
    </ClCompile>
    <ClCompile Include="Game.cpp">
      <Filter>Файлы ресурсов</Filter>
    </ClCompile>
    <ClCompile Include="GUI.cpp">
      <Filter>Файлы ресурсов</Filter>
    </ClCompile>
    <ClCompile Include="InfoPanel.cpp">
      <Filter>Файлы ресурсов</Filter>
    </ClCompile>
    <ClCompile Include="MainInfoPanel.cpp">
      <Filter>Файлы ресурсов</Filter>
    </ClCompile>
    <ClCompile Include="Model.cpp">
      <Filter>Файлы ресурсов</Filter>
    </ClCompile>
    <ClCompile Include="pch.cpp">
      <Filter>Файлы ресурсов</Filter>
    </ClCompile>
    <ClCompile Include="RPG.cpp">
      <Filter>Файлы ресурсов</Filter>
    </ClCompile>
    <ClCompile Include="Textures.cpp">
      <Filter>Файлы ресурсов</Filter>
    </ClCompile>
    <ClCompile Include="WCComandsList.cpp">
      <Filter>Файлы ресурсов</Filter>
    </ClCompile>
    <ClCompile Include="WorldControler.cpp">
      <Filter>Файлы ресурсов</Filter>
    </ClCompile>
    <ClCompile Include="WorldPanel.cpp">
      <Filter>Файлы ресурсов</Filter>
    </ClCompile>
    <ClCompile Include="WorldViewConstructor.cpp">
      <Filter>Файлы ресурсов</Filter>
    </ClCompile>
    <ClCompile Include="Hero.cpp">
      <Filter>Файлы ресурсов\Entyties</Filter>
    </ClCompile>
    <ClCompile Include="Wall.cpp">
      <Filter>Файлы ресурсов\Entyties</Filter>
    </ClCompile>
    <ClCompile Include="Map.cpp">
      <Filter>Файлы ресурсов</Filter>
    </ClCompile>
    <ClCompile Include="HeroAI.cpp">
      <Filter>Исходные файлы</Filter>
    </ClCompile>
    <ClCompile Include="IBaseAI.cpp">
      <Filter>Файлы ресурсов</Filter>
    </ClCompile>
  </ItemGroup>
  <ItemGroup>
    <None Include="..\CodeMap.dgml">
      <Filter>Файлы ресурсов</Filter>
    </None>
    <None Include="config.json">
      <Filter>Исходные файлы</Filter>
    </None>
  </ItemGroup>
</Project>